// !$*UTF8*$!
{
	archiveVersion = 1;
	classes = {
	};
	objectVersion = 56;
	objects = {

/* Begin PBXBuildFile section */
		4E16908BD17500A6E5251E96 /* Pods_cloveTests.framework in Frameworks */ = {isa = PBXBuildFile; fileRef = 61E4A420DFBB6EDC3DFA55A8 /* Pods_cloveTests.framework */; };
		88C0D226DE1A5E748DC6DCF5 /* Pods_clove.framework in Frameworks */ = {isa = PBXBuildFile; fileRef = D01F8CD7057F3244F900A3E6 /* Pods_clove.framework */; };
		DDFFEC5DE1F70A4CABB5FC94 /* Pods_clove_cloveUITests.framework in Frameworks */ = {isa = PBXBuildFile; fileRef = 2769CEC6F27C5120ED35C191 /* Pods_clove_cloveUITests.framework */; };
		DFF0DC1C29B7376D00FB6852 /* AppDelegate.swift in Sources */ = {isa = PBXBuildFile; fileRef = DFF0DC1B29B7376D00FB6852 /* AppDelegate.swift */; };
		DFF0DC1E29B7376D00FB6852 /* SceneDelegate.swift in Sources */ = {isa = PBXBuildFile; fileRef = DFF0DC1D29B7376D00FB6852 /* SceneDelegate.swift */; };
		DFF0DC2029B7376D00FB6852 /* LoginController.swift in Sources */ = {isa = PBXBuildFile; fileRef = DFF0DC1F29B7376D00FB6852 /* LoginController.swift */; };
		DFF0DC2329B7376D00FB6852 /* Main.storyboard in Resources */ = {isa = PBXBuildFile; fileRef = DFF0DC2129B7376D00FB6852 /* Main.storyboard */; };
		DFF0DC2629B7376D00FB6852 /* clove.xcdatamodeld in Sources */ = {isa = PBXBuildFile; fileRef = DFF0DC2429B7376D00FB6852 /* clove.xcdatamodeld */; };
		DFF0DC2829B7377300FB6852 /* Assets.xcassets in Resources */ = {isa = PBXBuildFile; fileRef = DFF0DC2729B7377300FB6852 /* Assets.xcassets */; };
		DFF0DC2B29B7377300FB6852 /* LaunchScreen.storyboard in Resources */ = {isa = PBXBuildFile; fileRef = DFF0DC2929B7377300FB6852 /* LaunchScreen.storyboard */; };
		DFF0DC3629B7377500FB6852 /* cloveTests.swift in Sources */ = {isa = PBXBuildFile; fileRef = DFF0DC3529B7377500FB6852 /* cloveTests.swift */; };
		DFF0DC4029B7377500FB6852 /* cloveUITests.swift in Sources */ = {isa = PBXBuildFile; fileRef = DFF0DC3F29B7377500FB6852 /* cloveUITests.swift */; };
		DFF0DC4229B7377500FB6852 /* cloveUITestsLaunchTests.swift in Sources */ = {isa = PBXBuildFile; fileRef = DFF0DC4129B7377500FB6852 /* cloveUITestsLaunchTests.swift */; };
		DFF0DC4F29B738D800FB6852 /* Extensions.swift in Sources */ = {isa = PBXBuildFile; fileRef = DFF0DC4E29B738D800FB6852 /* Extensions.swift */; };
		DFF0DC5C29B746C500FB6852 /* Constants.swift in Sources */ = {isa = PBXBuildFile; fileRef = DFF0DC5429B746C400FB6852 /* Constants.swift */; };
		DFF0DC5D29B746C500FB6852 /* DB.swift in Sources */ = {isa = PBXBuildFile; fileRef = DFF0DC5529B746C400FB6852 /* DB.swift */; };
		DFF0DC5E29B746C500FB6852 /* Linker.swift in Sources */ = {isa = PBXBuildFile; fileRef = DFF0DC5629B746C400FB6852 /* Linker.swift */; };
		DFF0DC5F29B746C500FB6852 /* ImageCache.swift in Sources */ = {isa = PBXBuildFile; fileRef = DFF0DC5729B746C400FB6852 /* ImageCache.swift */; };
		DFF0DC6029B746C500FB6852 /* Protocols.swift in Sources */ = {isa = PBXBuildFile; fileRef = DFF0DC5829B746C500FB6852 /* Protocols.swift */; };
		DFF0DC6129B746C500FB6852 /* Responses.swift in Sources */ = {isa = PBXBuildFile; fileRef = DFF0DC5929B746C500FB6852 /* Responses.swift */; };
		DFF0DC6229B746C500FB6852 /* Api.swift in Sources */ = {isa = PBXBuildFile; fileRef = DFF0DC5A29B746C500FB6852 /* Api.swift */; };
		DFF0DC6329B746C500FB6852 /* Socket.swift in Sources */ = {isa = PBXBuildFile; fileRef = DFF0DC5B29B746C500FB6852 /* Socket.swift */; };
		DFF0DC6529B7DE1D00FB6852 /* MessagerViewController.swift in Sources */ = {isa = PBXBuildFile; fileRef = DFF0DC6429B7DE1D00FB6852 /* MessagerViewController.swift */; };
		DFF0DC6729B7DE4A00FB6852 /* ViewController.swift in Sources */ = {isa = PBXBuildFile; fileRef = DFF0DC6629B7DE4A00FB6852 /* ViewController.swift */; };
		DFF0DC6929B7E43800FB6852 /* NavigationController.swift in Sources */ = {isa = PBXBuildFile; fileRef = DFF0DC6829B7E43800FB6852 /* NavigationController.swift */; };
		DFF0DC6C29B7F15A00FB6852 /* OtherMessageCell.swift in Sources */ = {isa = PBXBuildFile; fileRef = DFF0DC6B29B7F15A00FB6852 /* OtherMessageCell.swift */; };
		DFF0DC6E29B7F2B600FB6852 /* OwnMessageCell.swift in Sources */ = {isa = PBXBuildFile; fileRef = DFF0DC6D29B7F2B600FB6852 /* OwnMessageCell.swift */; };
		DFF0DC7029B7F95300FB6852 /* TailView.swift in Sources */ = {isa = PBXBuildFile; fileRef = DFF0DC6F29B7F95300FB6852 /* TailView.swift */; };
/* End PBXBuildFile section */

/* Begin PBXContainerItemProxy section */
		DFF0DC3229B7377500FB6852 /* PBXContainerItemProxy */ = {
			isa = PBXContainerItemProxy;
			containerPortal = DFF0DC1029B7376D00FB6852 /* Project object */;
			proxyType = 1;
			remoteGlobalIDString = DFF0DC1729B7376D00FB6852;
			remoteInfo = clove;
		};
		DFF0DC3C29B7377500FB6852 /* PBXContainerItemProxy */ = {
			isa = PBXContainerItemProxy;
			containerPortal = DFF0DC1029B7376D00FB6852 /* Project object */;
			proxyType = 1;
			remoteGlobalIDString = DFF0DC1729B7376D00FB6852;
			remoteInfo = clove;
		};
/* End PBXContainerItemProxy section */

/* Begin PBXFileReference section */
		0C63C60C92294094BC0DD2CF /* Pods-clove.debug.xcconfig */ = {isa = PBXFileReference; includeInIndex = 1; lastKnownFileType = text.xcconfig; name = "Pods-clove.debug.xcconfig"; path = "Target Support Files/Pods-clove/Pods-clove.debug.xcconfig"; sourceTree = "<group>"; };
		2769CEC6F27C5120ED35C191 /* Pods_clove_cloveUITests.framework */ = {isa = PBXFileReference; explicitFileType = wrapper.framework; includeInIndex = 0; path = Pods_clove_cloveUITests.framework; sourceTree = BUILT_PRODUCTS_DIR; };
		420D9FBAE82D5E6774D36F07 /* Pods-clove-cloveUITests.release.xcconfig */ = {isa = PBXFileReference; includeInIndex = 1; lastKnownFileType = text.xcconfig; name = "Pods-clove-cloveUITests.release.xcconfig"; path = "Target Support Files/Pods-clove-cloveUITests/Pods-clove-cloveUITests.release.xcconfig"; sourceTree = "<group>"; };
		61E4A420DFBB6EDC3DFA55A8 /* Pods_cloveTests.framework */ = {isa = PBXFileReference; explicitFileType = wrapper.framework; includeInIndex = 0; path = Pods_cloveTests.framework; sourceTree = BUILT_PRODUCTS_DIR; };
		722B180849E9E582D2A75459 /* Pods-clove.release.xcconfig */ = {isa = PBXFileReference; includeInIndex = 1; lastKnownFileType = text.xcconfig; name = "Pods-clove.release.xcconfig"; path = "Target Support Files/Pods-clove/Pods-clove.release.xcconfig"; sourceTree = "<group>"; };
		AB89FE9C0EA76263364B63FB /* Pods-clove-cloveUITests.debug.xcconfig */ = {isa = PBXFileReference; includeInIndex = 1; lastKnownFileType = text.xcconfig; name = "Pods-clove-cloveUITests.debug.xcconfig"; path = "Target Support Files/Pods-clove-cloveUITests/Pods-clove-cloveUITests.debug.xcconfig"; sourceTree = "<group>"; };
		C04F1199285D27CB193B2267 /* Pods-cloveTests.debug.xcconfig */ = {isa = PBXFileReference; includeInIndex = 1; lastKnownFileType = text.xcconfig; name = "Pods-cloveTests.debug.xcconfig"; path = "Target Support Files/Pods-cloveTests/Pods-cloveTests.debug.xcconfig"; sourceTree = "<group>"; };
		D01F8CD7057F3244F900A3E6 /* Pods_clove.framework */ = {isa = PBXFileReference; explicitFileType = wrapper.framework; includeInIndex = 0; path = Pods_clove.framework; sourceTree = BUILT_PRODUCTS_DIR; };
		D5C6F4F2072F65D15C95316A /* Pods-cloveTests.release.xcconfig */ = {isa = PBXFileReference; includeInIndex = 1; lastKnownFileType = text.xcconfig; name = "Pods-cloveTests.release.xcconfig"; path = "Target Support Files/Pods-cloveTests/Pods-cloveTests.release.xcconfig"; sourceTree = "<group>"; };
		DFF0DC1829B7376D00FB6852 /* clove.app */ = {isa = PBXFileReference; explicitFileType = wrapper.application; includeInIndex = 0; path = clove.app; sourceTree = BUILT_PRODUCTS_DIR; };
		DFF0DC1B29B7376D00FB6852 /* AppDelegate.swift */ = {isa = PBXFileReference; lastKnownFileType = sourcecode.swift; path = AppDelegate.swift; sourceTree = "<group>"; };
		DFF0DC1D29B7376D00FB6852 /* SceneDelegate.swift */ = {isa = PBXFileReference; lastKnownFileType = sourcecode.swift; path = SceneDelegate.swift; sourceTree = "<group>"; };
		DFF0DC1F29B7376D00FB6852 /* LoginController.swift */ = {isa = PBXFileReference; lastKnownFileType = sourcecode.swift; path = LoginController.swift; sourceTree = "<group>"; };
		DFF0DC2229B7376D00FB6852 /* Base */ = {isa = PBXFileReference; lastKnownFileType = file.storyboard; name = Base; path = Base.lproj/Main.storyboard; sourceTree = "<group>"; };
		DFF0DC2529B7376D00FB6852 /* clove.xcdatamodel */ = {isa = PBXFileReference; lastKnownFileType = wrapper.xcdatamodel; path = clove.xcdatamodel; sourceTree = "<group>"; };
		DFF0DC2729B7377300FB6852 /* Assets.xcassets */ = {isa = PBXFileReference; lastKnownFileType = folder.assetcatalog; path = Assets.xcassets; sourceTree = "<group>"; };
		DFF0DC2A29B7377300FB6852 /* Base */ = {isa = PBXFileReference; lastKnownFileType = file.storyboard; name = Base; path = Base.lproj/LaunchScreen.storyboard; sourceTree = "<group>"; };
		DFF0DC2C29B7377300FB6852 /* Info.plist */ = {isa = PBXFileReference; lastKnownFileType = text.plist.xml; path = Info.plist; sourceTree = "<group>"; };
		DFF0DC3129B7377500FB6852 /* cloveTests.xctest */ = {isa = PBXFileReference; explicitFileType = wrapper.cfbundle; includeInIndex = 0; path = cloveTests.xctest; sourceTree = BUILT_PRODUCTS_DIR; };
		DFF0DC3529B7377500FB6852 /* cloveTests.swift */ = {isa = PBXFileReference; lastKnownFileType = sourcecode.swift; path = cloveTests.swift; sourceTree = "<group>"; };
		DFF0DC3B29B7377500FB6852 /* cloveUITests.xctest */ = {isa = PBXFileReference; explicitFileType = wrapper.cfbundle; includeInIndex = 0; path = cloveUITests.xctest; sourceTree = BUILT_PRODUCTS_DIR; };
		DFF0DC3F29B7377500FB6852 /* cloveUITests.swift */ = {isa = PBXFileReference; lastKnownFileType = sourcecode.swift; path = cloveUITests.swift; sourceTree = "<group>"; };
		DFF0DC4129B7377500FB6852 /* cloveUITestsLaunchTests.swift */ = {isa = PBXFileReference; lastKnownFileType = sourcecode.swift; path = cloveUITestsLaunchTests.swift; sourceTree = "<group>"; };
		DFF0DC4E29B738D800FB6852 /* Extensions.swift */ = {isa = PBXFileReference; lastKnownFileType = sourcecode.swift; path = Extensions.swift; sourceTree = "<group>"; };
		DFF0DC5429B746C400FB6852 /* Constants.swift */ = {isa = PBXFileReference; fileEncoding = 4; lastKnownFileType = sourcecode.swift; path = Constants.swift; sourceTree = "<group>"; };
		DFF0DC5529B746C400FB6852 /* DB.swift */ = {isa = PBXFileReference; fileEncoding = 4; lastKnownFileType = sourcecode.swift; path = DB.swift; sourceTree = "<group>"; };
		DFF0DC5629B746C400FB6852 /* Linker.swift */ = {isa = PBXFileReference; fileEncoding = 4; lastKnownFileType = sourcecode.swift; path = Linker.swift; sourceTree = "<group>"; };
		DFF0DC5729B746C400FB6852 /* ImageCache.swift */ = {isa = PBXFileReference; fileEncoding = 4; lastKnownFileType = sourcecode.swift; path = ImageCache.swift; sourceTree = "<group>"; };
		DFF0DC5829B746C500FB6852 /* Protocols.swift */ = {isa = PBXFileReference; fileEncoding = 4; lastKnownFileType = sourcecode.swift; path = Protocols.swift; sourceTree = "<group>"; };
		DFF0DC5929B746C500FB6852 /* Responses.swift */ = {isa = PBXFileReference; fileEncoding = 4; lastKnownFileType = sourcecode.swift; path = Responses.swift; sourceTree = "<group>"; };
		DFF0DC5A29B746C500FB6852 /* Api.swift */ = {isa = PBXFileReference; fileEncoding = 4; lastKnownFileType = sourcecode.swift; path = Api.swift; sourceTree = "<group>"; };
		DFF0DC5B29B746C500FB6852 /* Socket.swift */ = {isa = PBXFileReference; fileEncoding = 4; lastKnownFileType = sourcecode.swift; path = Socket.swift; sourceTree = "<group>"; };
		DFF0DC6429B7DE1D00FB6852 /* MessagerViewController.swift */ = {isa = PBXFileReference; lastKnownFileType = sourcecode.swift; path = MessagerViewController.swift; sourceTree = "<group>"; };
		DFF0DC6629B7DE4A00FB6852 /* ViewController.swift */ = {isa = PBXFileReference; lastKnownFileType = sourcecode.swift; path = ViewController.swift; sourceTree = "<group>"; };
		DFF0DC6829B7E43800FB6852 /* NavigationController.swift */ = {isa = PBXFileReference; lastKnownFileType = sourcecode.swift; path = NavigationController.swift; sourceTree = "<group>"; };
		DFF0DC6B29B7F15A00FB6852 /* OtherMessageCell.swift */ = {isa = PBXFileReference; lastKnownFileType = sourcecode.swift; path = OtherMessageCell.swift; sourceTree = "<group>"; };
		DFF0DC6D29B7F2B600FB6852 /* OwnMessageCell.swift */ = {isa = PBXFileReference; lastKnownFileType = sourcecode.swift; path = OwnMessageCell.swift; sourceTree = "<group>"; };
		DFF0DC6F29B7F95300FB6852 /* TailView.swift */ = {isa = PBXFileReference; lastKnownFileType = sourcecode.swift; path = TailView.swift; sourceTree = "<group>"; };
/* End PBXFileReference section */

/* Begin PBXFrameworksBuildPhase section */
		DFF0DC1529B7376D00FB6852 /* Frameworks */ = {
			isa = PBXFrameworksBuildPhase;
			buildActionMask = 2147483647;
			files = (
				88C0D226DE1A5E748DC6DCF5 /* Pods_clove.framework in Frameworks */,
			);
			runOnlyForDeploymentPostprocessing = 0;
		};
		DFF0DC2E29B7377500FB6852 /* Frameworks */ = {
			isa = PBXFrameworksBuildPhase;
			buildActionMask = 2147483647;
			files = (
				4E16908BD17500A6E5251E96 /* Pods_cloveTests.framework in Frameworks */,
			);
			runOnlyForDeploymentPostprocessing = 0;
		};
		DFF0DC3829B7377500FB6852 /* Frameworks */ = {
			isa = PBXFrameworksBuildPhase;
			buildActionMask = 2147483647;
			files = (
				DDFFEC5DE1F70A4CABB5FC94 /* Pods_clove_cloveUITests.framework in Frameworks */,
			);
			runOnlyForDeploymentPostprocessing = 0;
		};
/* End PBXFrameworksBuildPhase section */

/* Begin PBXGroup section */
		2925764B2F6FF6139842EF52 /* Frameworks */ = {
			isa = PBXGroup;
			children = (
				D01F8CD7057F3244F900A3E6 /* Pods_clove.framework */,
				2769CEC6F27C5120ED35C191 /* Pods_clove_cloveUITests.framework */,
				61E4A420DFBB6EDC3DFA55A8 /* Pods_cloveTests.framework */,
			);
			name = Frameworks;
			sourceTree = "<group>";
		};
		956EA52CEFA14F3D7A86A135 /* Pods */ = {
			isa = PBXGroup;
			children = (
				0C63C60C92294094BC0DD2CF /* Pods-clove.debug.xcconfig */,
				722B180849E9E582D2A75459 /* Pods-clove.release.xcconfig */,
				AB89FE9C0EA76263364B63FB /* Pods-clove-cloveUITests.debug.xcconfig */,
				420D9FBAE82D5E6774D36F07 /* Pods-clove-cloveUITests.release.xcconfig */,
				C04F1199285D27CB193B2267 /* Pods-cloveTests.debug.xcconfig */,
				D5C6F4F2072F65D15C95316A /* Pods-cloveTests.release.xcconfig */,
			);
			path = Pods;
			sourceTree = "<group>";
		};
		DFF0DC0F29B7376D00FB6852 = {
			isa = PBXGroup;
			children = (
				DFF0DC1A29B7376D00FB6852 /* clove */,
				DFF0DC3429B7377500FB6852 /* cloveTests */,
				DFF0DC3E29B7377500FB6852 /* cloveUITests */,
				DFF0DC1929B7376D00FB6852 /* Products */,
				956EA52CEFA14F3D7A86A135 /* Pods */,
				2925764B2F6FF6139842EF52 /* Frameworks */,
			);
			sourceTree = "<group>";
		};
		DFF0DC1929B7376D00FB6852 /* Products */ = {
			isa = PBXGroup;
			children = (
				DFF0DC1829B7376D00FB6852 /* clove.app */,
				DFF0DC3129B7377500FB6852 /* cloveTests.xctest */,
				DFF0DC3B29B7377500FB6852 /* cloveUITests.xctest */,
			);
			name = Products;
			sourceTree = "<group>";
		};
		DFF0DC1A29B7376D00FB6852 /* clove */ = {
			isa = PBXGroup;
			children = (
				DFF0DC6A29B7F14A00FB6852 /* Cells */,
				DFF0DC5329B745D600FB6852 /* Utilities */,
				DFF0DC5129B73B8C00FB6852 /* Delegates */,
				DFF0DC5229B73BA400FB6852 /* ViewControllers */,
				DFF0DC2129B7376D00FB6852 /* Main.storyboard */,
				DFF0DC2729B7377300FB6852 /* Assets.xcassets */,
				DFF0DC2929B7377300FB6852 /* LaunchScreen.storyboard */,
				DFF0DC2C29B7377300FB6852 /* Info.plist */,
				DFF0DC2429B7376D00FB6852 /* clove.xcdatamodeld */,
				DFF0DC4E29B738D800FB6852 /* Extensions.swift */,
			);
			path = clove;
			sourceTree = "<group>";
		};
		DFF0DC3429B7377500FB6852 /* cloveTests */ = {
			isa = PBXGroup;
			children = (
				DFF0DC3529B7377500FB6852 /* cloveTests.swift */,
			);
			path = cloveTests;
			sourceTree = "<group>";
		};
		DFF0DC3E29B7377500FB6852 /* cloveUITests */ = {
			isa = PBXGroup;
			children = (
				DFF0DC3F29B7377500FB6852 /* cloveUITests.swift */,
				DFF0DC4129B7377500FB6852 /* cloveUITestsLaunchTests.swift */,
			);
			path = cloveUITests;
			sourceTree = "<group>";
		};
		DFF0DC5129B73B8C00FB6852 /* Delegates */ = {
			isa = PBXGroup;
			children = (
				DFF0DC1B29B7376D00FB6852 /* AppDelegate.swift */,
				DFF0DC1D29B7376D00FB6852 /* SceneDelegate.swift */,
			);
			path = Delegates;
			sourceTree = "<group>";
		};
		DFF0DC5229B73BA400FB6852 /* ViewControllers */ = {
			isa = PBXGroup;
			children = (
				DFF0DC1F29B7376D00FB6852 /* LoginController.swift */,
				DFF0DC6429B7DE1D00FB6852 /* MessagerViewController.swift */,
				DFF0DC6629B7DE4A00FB6852 /* ViewController.swift */,
				DFF0DC6829B7E43800FB6852 /* NavigationController.swift */,
			);
			path = ViewControllers;
			sourceTree = "<group>";
		};
		DFF0DC5329B745D600FB6852 /* Utilities */ = {
			isa = PBXGroup;
			children = (
				DFF0DC5A29B746C500FB6852 /* Api.swift */,
				DFF0DC5429B746C400FB6852 /* Constants.swift */,
				DFF0DC5529B746C400FB6852 /* DB.swift */,
				DFF0DC5729B746C400FB6852 /* ImageCache.swift */,
				DFF0DC5629B746C400FB6852 /* Linker.swift */,
				DFF0DC5829B746C500FB6852 /* Protocols.swift */,
				DFF0DC5929B746C500FB6852 /* Responses.swift */,
				DFF0DC5B29B746C500FB6852 /* Socket.swift */,
			);
			path = Utilities;
			sourceTree = "<group>";
		};
		DFF0DC6A29B7F14A00FB6852 /* Cells */ = {
			isa = PBXGroup;
			children = (
				DFF0DC6B29B7F15A00FB6852 /* OtherMessageCell.swift */,
				DFF0DC6D29B7F2B600FB6852 /* OwnMessageCell.swift */,
				DFF0DC6F29B7F95300FB6852 /* TailView.swift */,
			);
			path = Cells;
			sourceTree = "<group>";
		};
/* End PBXGroup section */

/* Begin PBXNativeTarget section */
		DFF0DC1729B7376D00FB6852 /* clove */ = {
			isa = PBXNativeTarget;
			buildConfigurationList = DFF0DC4529B7377500FB6852 /* Build configuration list for PBXNativeTarget "clove" */;
			buildPhases = (
				BCAB5D7B4ADB1D8DA387A6CF /* [CP] Check Pods Manifest.lock */,
				DFF0DC1429B7376D00FB6852 /* Sources */,
				DFF0DC1529B7376D00FB6852 /* Frameworks */,
				DFF0DC1629B7376D00FB6852 /* Resources */,
				BD3FCBDDDE27DB8C3424B3DC /* [CP] Embed Pods Frameworks */,
			);
			buildRules = (
			);
			dependencies = (
			);
			name = clove;
			productName = clove;
			productReference = DFF0DC1829B7376D00FB6852 /* clove.app */;
			productType = "com.apple.product-type.application";
		};
		DFF0DC3029B7377500FB6852 /* cloveTests */ = {
			isa = PBXNativeTarget;
			buildConfigurationList = DFF0DC4829B7377500FB6852 /* Build configuration list for PBXNativeTarget "cloveTests" */;
			buildPhases = (
				30BF04D693F5486841F69E60 /* [CP] Check Pods Manifest.lock */,
				DFF0DC2D29B7377500FB6852 /* Sources */,
				DFF0DC2E29B7377500FB6852 /* Frameworks */,
				DFF0DC2F29B7377500FB6852 /* Resources */,
			);
			buildRules = (
			);
			dependencies = (
				DFF0DC3329B7377500FB6852 /* PBXTargetDependency */,
			);
			name = cloveTests;
			productName = cloveTests;
			productReference = DFF0DC3129B7377500FB6852 /* cloveTests.xctest */;
			productType = "com.apple.product-type.bundle.unit-test";
		};
		DFF0DC3A29B7377500FB6852 /* cloveUITests */ = {
			isa = PBXNativeTarget;
			buildConfigurationList = DFF0DC4B29B7377500FB6852 /* Build configuration list for PBXNativeTarget "cloveUITests" */;
			buildPhases = (
				B2F3C2BA36CF412B599580AA /* [CP] Check Pods Manifest.lock */,
				DFF0DC3729B7377500FB6852 /* Sources */,
				DFF0DC3829B7377500FB6852 /* Frameworks */,
				DFF0DC3929B7377500FB6852 /* Resources */,
				DB05983ADFC00BCA63E27EC0 /* [CP] Embed Pods Frameworks */,
			);
			buildRules = (
			);
			dependencies = (
				DFF0DC3D29B7377500FB6852 /* PBXTargetDependency */,
			);
			name = cloveUITests;
			productName = cloveUITests;
			productReference = DFF0DC3B29B7377500FB6852 /* cloveUITests.xctest */;
			productType = "com.apple.product-type.bundle.ui-testing";
		};
/* End PBXNativeTarget section */

/* Begin PBXProject section */
		DFF0DC1029B7376D00FB6852 /* Project object */ = {
			isa = PBXProject;
			attributes = {
				BuildIndependentTargetsInParallel = 1;
				LastSwiftUpdateCheck = 1420;
				LastUpgradeCheck = 1420;
				TargetAttributes = {
					DFF0DC1729B7376D00FB6852 = {
						CreatedOnToolsVersion = 14.2;
					};
					DFF0DC3029B7377500FB6852 = {
						CreatedOnToolsVersion = 14.2;
						TestTargetID = DFF0DC1729B7376D00FB6852;
					};
					DFF0DC3A29B7377500FB6852 = {
						CreatedOnToolsVersion = 14.2;
						TestTargetID = DFF0DC1729B7376D00FB6852;
					};
				};
			};
			buildConfigurationList = DFF0DC1329B7376D00FB6852 /* Build configuration list for PBXProject "clove" */;
			compatibilityVersion = "Xcode 14.0";
			developmentRegion = en;
			hasScannedForEncodings = 0;
			knownRegions = (
				en,
				Base,
			);
			mainGroup = DFF0DC0F29B7376D00FB6852;
			productRefGroup = DFF0DC1929B7376D00FB6852 /* Products */;
			projectDirPath = "";
			projectRoot = "";
			targets = (
				DFF0DC1729B7376D00FB6852 /* clove */,
				DFF0DC3029B7377500FB6852 /* cloveTests */,
				DFF0DC3A29B7377500FB6852 /* cloveUITests */,
			);
		};
/* End PBXProject section */

/* Begin PBXResourcesBuildPhase section */
		DFF0DC1629B7376D00FB6852 /* Resources */ = {
			isa = PBXResourcesBuildPhase;
			buildActionMask = 2147483647;
			files = (
				DFF0DC2B29B7377300FB6852 /* LaunchScreen.storyboard in Resources */,
				DFF0DC2829B7377300FB6852 /* Assets.xcassets in Resources */,
				DFF0DC2329B7376D00FB6852 /* Main.storyboard in Resources */,
			);
			runOnlyForDeploymentPostprocessing = 0;
		};
		DFF0DC2F29B7377500FB6852 /* Resources */ = {
			isa = PBXResourcesBuildPhase;
			buildActionMask = 2147483647;
			files = (
			);
			runOnlyForDeploymentPostprocessing = 0;
		};
		DFF0DC3929B7377500FB6852 /* Resources */ = {
			isa = PBXResourcesBuildPhase;
			buildActionMask = 2147483647;
			files = (
			);
			runOnlyForDeploymentPostprocessing = 0;
		};
/* End PBXResourcesBuildPhase section */

/* Begin PBXShellScriptBuildPhase section */
		30BF04D693F5486841F69E60 /* [CP] Check Pods Manifest.lock */ = {
			isa = PBXShellScriptBuildPhase;
			buildActionMask = 2147483647;
			files = (
			);
			inputFileListPaths = (
			);
			inputPaths = (
				"${PODS_PODFILE_DIR_PATH}/Podfile.lock",
				"${PODS_ROOT}/Manifest.lock",
			);
			name = "[CP] Check Pods Manifest.lock";
			outputFileListPaths = (
			);
			outputPaths = (
				"$(DERIVED_FILE_DIR)/Pods-cloveTests-checkManifestLockResult.txt",
			);
			runOnlyForDeploymentPostprocessing = 0;
			shellPath = /bin/sh;
			shellScript = "diff \"${PODS_PODFILE_DIR_PATH}/Podfile.lock\" \"${PODS_ROOT}/Manifest.lock\" > /dev/null\nif [ $? != 0 ] ; then\n    # print error to STDERR\n    echo \"error: The sandbox is not in sync with the Podfile.lock. Run 'pod install' or update your CocoaPods installation.\" >&2\n    exit 1\nfi\n# This output is used by Xcode 'outputs' to avoid re-running this script phase.\necho \"SUCCESS\" > \"${SCRIPT_OUTPUT_FILE_0}\"\n";
			showEnvVarsInLog = 0;
		};
		B2F3C2BA36CF412B599580AA /* [CP] Check Pods Manifest.lock */ = {
			isa = PBXShellScriptBuildPhase;
			buildActionMask = 2147483647;
			files = (
			);
			inputFileListPaths = (
			);
			inputPaths = (
				"${PODS_PODFILE_DIR_PATH}/Podfile.lock",
				"${PODS_ROOT}/Manifest.lock",
			);
			name = "[CP] Check Pods Manifest.lock";
			outputFileListPaths = (
			);
			outputPaths = (
				"$(DERIVED_FILE_DIR)/Pods-clove-cloveUITests-checkManifestLockResult.txt",
			);
			runOnlyForDeploymentPostprocessing = 0;
			shellPath = /bin/sh;
			shellScript = "diff \"${PODS_PODFILE_DIR_PATH}/Podfile.lock\" \"${PODS_ROOT}/Manifest.lock\" > /dev/null\nif [ $? != 0 ] ; then\n    # print error to STDERR\n    echo \"error: The sandbox is not in sync with the Podfile.lock. Run 'pod install' or update your CocoaPods installation.\" >&2\n    exit 1\nfi\n# This output is used by Xcode 'outputs' to avoid re-running this script phase.\necho \"SUCCESS\" > \"${SCRIPT_OUTPUT_FILE_0}\"\n";
			showEnvVarsInLog = 0;
		};
		BCAB5D7B4ADB1D8DA387A6CF /* [CP] Check Pods Manifest.lock */ = {
			isa = PBXShellScriptBuildPhase;
			buildActionMask = 2147483647;
			files = (
			);
			inputFileListPaths = (
			);
			inputPaths = (
				"${PODS_PODFILE_DIR_PATH}/Podfile.lock",
				"${PODS_ROOT}/Manifest.lock",
			);
			name = "[CP] Check Pods Manifest.lock";
			outputFileListPaths = (
			);
			outputPaths = (
				"$(DERIVED_FILE_DIR)/Pods-clove-checkManifestLockResult.txt",
			);
			runOnlyForDeploymentPostprocessing = 0;
			shellPath = /bin/sh;
			shellScript = "diff \"${PODS_PODFILE_DIR_PATH}/Podfile.lock\" \"${PODS_ROOT}/Manifest.lock\" > /dev/null\nif [ $? != 0 ] ; then\n    # print error to STDERR\n    echo \"error: The sandbox is not in sync with the Podfile.lock. Run 'pod install' or update your CocoaPods installation.\" >&2\n    exit 1\nfi\n# This output is used by Xcode 'outputs' to avoid re-running this script phase.\necho \"SUCCESS\" > \"${SCRIPT_OUTPUT_FILE_0}\"\n";
			showEnvVarsInLog = 0;
		};
		BD3FCBDDDE27DB8C3424B3DC /* [CP] Embed Pods Frameworks */ = {
			isa = PBXShellScriptBuildPhase;
			buildActionMask = 2147483647;
			files = (
			);
			inputFileListPaths = (
				"${PODS_ROOT}/Target Support Files/Pods-clove/Pods-clove-frameworks-${CONFIGURATION}-input-files.xcfilelist",
			);
			name = "[CP] Embed Pods Frameworks";
			outputFileListPaths = (
				"${PODS_ROOT}/Target Support Files/Pods-clove/Pods-clove-frameworks-${CONFIGURATION}-output-files.xcfilelist",
			);
			runOnlyForDeploymentPostprocessing = 0;
			shellPath = /bin/sh;
			shellScript = "\"${PODS_ROOT}/Target Support Files/Pods-clove/Pods-clove-frameworks.sh\"\n";
			showEnvVarsInLog = 0;
		};
		DB05983ADFC00BCA63E27EC0 /* [CP] Embed Pods Frameworks */ = {
			isa = PBXShellScriptBuildPhase;
			buildActionMask = 2147483647;
			files = (
			);
			inputFileListPaths = (
				"${PODS_ROOT}/Target Support Files/Pods-clove-cloveUITests/Pods-clove-cloveUITests-frameworks-${CONFIGURATION}-input-files.xcfilelist",
			);
			name = "[CP] Embed Pods Frameworks";
			outputFileListPaths = (
				"${PODS_ROOT}/Target Support Files/Pods-clove-cloveUITests/Pods-clove-cloveUITests-frameworks-${CONFIGURATION}-output-files.xcfilelist",
			);
			runOnlyForDeploymentPostprocessing = 0;
			shellPath = /bin/sh;
			shellScript = "\"${PODS_ROOT}/Target Support Files/Pods-clove-cloveUITests/Pods-clove-cloveUITests-frameworks.sh\"\n";
			showEnvVarsInLog = 0;
		};
/* End PBXShellScriptBuildPhase section */

/* Begin PBXSourcesBuildPhase section */
		DFF0DC1429B7376D00FB6852 /* Sources */ = {
			isa = PBXSourcesBuildPhase;
			buildActionMask = 2147483647;
			files = (
				DFF0DC6729B7DE4A00FB6852 /* ViewController.swift in Sources */,
				DFF0DC4F29B738D800FB6852 /* Extensions.swift in Sources */,
				DFF0DC2029B7376D00FB6852 /* LoginController.swift in Sources */,
				DFF0DC1C29B7376D00FB6852 /* AppDelegate.swift in Sources */,
				DFF0DC7029B7F95300FB6852 /* TailView.swift in Sources */,
				DFF0DC6E29B7F2B600FB6852 /* OwnMessageCell.swift in Sources */,
				DFF0DC6C29B7F15A00FB6852 /* OtherMessageCell.swift in Sources */,
				DFF0DC5F29B746C500FB6852 /* ImageCache.swift in Sources */,
				DFF0DC1E29B7376D00FB6852 /* SceneDelegate.swift in Sources */,
				DFF0DC6529B7DE1D00FB6852 /* MessagerViewController.swift in Sources */,
				DFF0DC6029B746C500FB6852 /* Protocols.swift in Sources */,
				DFF0DC6229B746C500FB6852 /* Api.swift in Sources */,
				DFF0DC6929B7E43800FB6852 /* NavigationController.swift in Sources */,
				DFF0DC6329B746C500FB6852 /* Socket.swift in Sources */,
				DFF0DC5E29B746C500FB6852 /* Linker.swift in Sources */,
				DFF0DC2629B7376D00FB6852 /* clove.xcdatamodeld in Sources */,
				DFF0DC5C29B746C500FB6852 /* Constants.swift in Sources */,
				DFF0DC5D29B746C500FB6852 /* DB.swift in Sources */,
				DFF0DC6129B746C500FB6852 /* Responses.swift in Sources */,
			);
			runOnlyForDeploymentPostprocessing = 0;
		};
		DFF0DC2D29B7377500FB6852 /* Sources */ = {
			isa = PBXSourcesBuildPhase;
			buildActionMask = 2147483647;
			files = (
				DFF0DC3629B7377500FB6852 /* cloveTests.swift in Sources */,
			);
			runOnlyForDeploymentPostprocessing = 0;
		};
		DFF0DC3729B7377500FB6852 /* Sources */ = {
			isa = PBXSourcesBuildPhase;
			buildActionMask = 2147483647;
			files = (
				DFF0DC4229B7377500FB6852 /* cloveUITestsLaunchTests.swift in Sources */,
				DFF0DC4029B7377500FB6852 /* cloveUITests.swift in Sources */,
			);
			runOnlyForDeploymentPostprocessing = 0;
		};
/* End PBXSourcesBuildPhase section */

/* Begin PBXTargetDependency section */
		DFF0DC3329B7377500FB6852 /* PBXTargetDependency */ = {
			isa = PBXTargetDependency;
			target = DFF0DC1729B7376D00FB6852 /* clove */;
			targetProxy = DFF0DC3229B7377500FB6852 /* PBXContainerItemProxy */;
		};
		DFF0DC3D29B7377500FB6852 /* PBXTargetDependency */ = {
			isa = PBXTargetDependency;
			target = DFF0DC1729B7376D00FB6852 /* clove */;
			targetProxy = DFF0DC3C29B7377500FB6852 /* PBXContainerItemProxy */;
		};
/* End PBXTargetDependency section */

/* Begin PBXVariantGroup section */
		DFF0DC2129B7376D00FB6852 /* Main.storyboard */ = {
			isa = PBXVariantGroup;
			children = (
				DFF0DC2229B7376D00FB6852 /* Base */,
			);
			name = Main.storyboard;
			sourceTree = "<group>";
		};
		DFF0DC2929B7377300FB6852 /* LaunchScreen.storyboard */ = {
			isa = PBXVariantGroup;
			children = (
				DFF0DC2A29B7377300FB6852 /* Base */,
			);
			name = LaunchScreen.storyboard;
			sourceTree = "<group>";
		};
/* End PBXVariantGroup section */

/* Begin XCBuildConfiguration section */
		DFF0DC4329B7377500FB6852 /* Debug */ = {
			isa = XCBuildConfiguration;
			buildSettings = {
				ALWAYS_SEARCH_USER_PATHS = NO;
				CLANG_ANALYZER_NONNULL = YES;
				CLANG_ANALYZER_NUMBER_OBJECT_CONVERSION = YES_AGGRESSIVE;
				CLANG_CXX_LANGUAGE_STANDARD = "gnu++20";
				CLANG_ENABLE_MODULES = YES;
				CLANG_ENABLE_OBJC_ARC = YES;
				CLANG_ENABLE_OBJC_WEAK = YES;
				CLANG_WARN_BLOCK_CAPTURE_AUTORELEASING = YES;
				CLANG_WARN_BOOL_CONVERSION = YES;
				CLANG_WARN_COMMA = YES;
				CLANG_WARN_CONSTANT_CONVERSION = YES;
				CLANG_WARN_DEPRECATED_OBJC_IMPLEMENTATIONS = YES;
				CLANG_WARN_DIRECT_OBJC_ISA_USAGE = YES_ERROR;
				CLANG_WARN_DOCUMENTATION_COMMENTS = YES;
				CLANG_WARN_EMPTY_BODY = YES;
				CLANG_WARN_ENUM_CONVERSION = YES;
				CLANG_WARN_INFINITE_RECURSION = YES;
				CLANG_WARN_INT_CONVERSION = YES;
				CLANG_WARN_NON_LITERAL_NULL_CONVERSION = YES;
				CLANG_WARN_OBJC_IMPLICIT_RETAIN_SELF = YES;
				CLANG_WARN_OBJC_LITERAL_CONVERSION = YES;
				CLANG_WARN_OBJC_ROOT_CLASS = YES_ERROR;
				CLANG_WARN_QUOTED_INCLUDE_IN_FRAMEWORK_HEADER = YES;
				CLANG_WARN_RANGE_LOOP_ANALYSIS = YES;
				CLANG_WARN_STRICT_PROTOTYPES = YES;
				CLANG_WARN_SUSPICIOUS_MOVE = YES;
				CLANG_WARN_UNGUARDED_AVAILABILITY = YES_AGGRESSIVE;
				CLANG_WARN_UNREACHABLE_CODE = YES;
				CLANG_WARN__DUPLICATE_METHOD_MATCH = YES;
				COPY_PHASE_STRIP = NO;
				DEBUG_INFORMATION_FORMAT = dwarf;
				ENABLE_STRICT_OBJC_MSGSEND = YES;
				ENABLE_TESTABILITY = YES;
				GCC_C_LANGUAGE_STANDARD = gnu11;
				GCC_DYNAMIC_NO_PIC = NO;
				GCC_NO_COMMON_BLOCKS = YES;
				GCC_OPTIMIZATION_LEVEL = 0;
				GCC_PREPROCESSOR_DEFINITIONS = (
					"DEBUG=1",
					"$(inherited)",
				);
				GCC_WARN_64_TO_32_BIT_CONVERSION = YES;
				GCC_WARN_ABOUT_RETURN_TYPE = YES_ERROR;
				GCC_WARN_UNDECLARED_SELECTOR = YES;
				GCC_WARN_UNINITIALIZED_AUTOS = YES_AGGRESSIVE;
				GCC_WARN_UNUSED_FUNCTION = YES;
				GCC_WARN_UNUSED_VARIABLE = YES;
				IPHONEOS_DEPLOYMENT_TARGET = 16.2;
				MTL_ENABLE_DEBUG_INFO = INCLUDE_SOURCE;
				MTL_FAST_MATH = YES;
				ONLY_ACTIVE_ARCH = YES;
				SDKROOT = iphoneos;
				SWIFT_ACTIVE_COMPILATION_CONDITIONS = DEBUG;
				SWIFT_OPTIMIZATION_LEVEL = "-Onone";
			};
			name = Debug;
		};
		DFF0DC4429B7377500FB6852 /* Release */ = {
			isa = XCBuildConfiguration;
			buildSettings = {
				ALWAYS_SEARCH_USER_PATHS = NO;
				CLANG_ANALYZER_NONNULL = YES;
				CLANG_ANALYZER_NUMBER_OBJECT_CONVERSION = YES_AGGRESSIVE;
				CLANG_CXX_LANGUAGE_STANDARD = "gnu++20";
				CLANG_ENABLE_MODULES = YES;
				CLANG_ENABLE_OBJC_ARC = YES;
				CLANG_ENABLE_OBJC_WEAK = YES;
				CLANG_WARN_BLOCK_CAPTURE_AUTORELEASING = YES;
				CLANG_WARN_BOOL_CONVERSION = YES;
				CLANG_WARN_COMMA = YES;
				CLANG_WARN_CONSTANT_CONVERSION = YES;
				CLANG_WARN_DEPRECATED_OBJC_IMPLEMENTATIONS = YES;
				CLANG_WARN_DIRECT_OBJC_ISA_USAGE = YES_ERROR;
				CLANG_WARN_DOCUMENTATION_COMMENTS = YES;
				CLANG_WARN_EMPTY_BODY = YES;
				CLANG_WARN_ENUM_CONVERSION = YES;
				CLANG_WARN_INFINITE_RECURSION = YES;
				CLANG_WARN_INT_CONVERSION = YES;
				CLANG_WARN_NON_LITERAL_NULL_CONVERSION = YES;
				CLANG_WARN_OBJC_IMPLICIT_RETAIN_SELF = YES;
				CLANG_WARN_OBJC_LITERAL_CONVERSION = YES;
				CLANG_WARN_OBJC_ROOT_CLASS = YES_ERROR;
				CLANG_WARN_QUOTED_INCLUDE_IN_FRAMEWORK_HEADER = YES;
				CLANG_WARN_RANGE_LOOP_ANALYSIS = YES;
				CLANG_WARN_STRICT_PROTOTYPES = YES;
				CLANG_WARN_SUSPICIOUS_MOVE = YES;
				CLANG_WARN_UNGUARDED_AVAILABILITY = YES_AGGRESSIVE;
				CLANG_WARN_UNREACHABLE_CODE = YES;
				CLANG_WARN__DUPLICATE_METHOD_MATCH = YES;
				COPY_PHASE_STRIP = NO;
				DEBUG_INFORMATION_FORMAT = "dwarf-with-dsym";
				ENABLE_NS_ASSERTIONS = NO;
				ENABLE_STRICT_OBJC_MSGSEND = YES;
				GCC_C_LANGUAGE_STANDARD = gnu11;
				GCC_NO_COMMON_BLOCKS = YES;
				GCC_WARN_64_TO_32_BIT_CONVERSION = YES;
				GCC_WARN_ABOUT_RETURN_TYPE = YES_ERROR;
				GCC_WARN_UNDECLARED_SELECTOR = YES;
				GCC_WARN_UNINITIALIZED_AUTOS = YES_AGGRESSIVE;
				GCC_WARN_UNUSED_FUNCTION = YES;
				GCC_WARN_UNUSED_VARIABLE = YES;
				IPHONEOS_DEPLOYMENT_TARGET = 16.2;
				MTL_ENABLE_DEBUG_INFO = NO;
				MTL_FAST_MATH = YES;
				SDKROOT = iphoneos;
				SWIFT_COMPILATION_MODE = wholemodule;
				SWIFT_OPTIMIZATION_LEVEL = "-O";
				VALIDATE_PRODUCT = YES;
			};
			name = Release;
		};
		DFF0DC4629B7377500FB6852 /* Debug */ = {
			isa = XCBuildConfiguration;
			baseConfigurationReference = 0C63C60C92294094BC0DD2CF /* Pods-clove.debug.xcconfig */;
			buildSettings = {
				ASSETCATALOG_COMPILER_APPICON_NAME = AppIcon;
				ASSETCATALOG_COMPILER_GLOBAL_ACCENT_COLOR_NAME = AccentColor;
				CODE_SIGN_STYLE = Automatic;
				CURRENT_PROJECT_VERSION = 1;
				DEVELOPMENT_TEAM = 5W669BK4JQ;
				GENERATE_INFOPLIST_FILE = YES;
				INFOPLIST_FILE = clove/Info.plist;
				INFOPLIST_KEY_CFBundleDisplayName = Clove;
				INFOPLIST_KEY_LSApplicationCategoryType = "public.app-category.lifestyle";
				INFOPLIST_KEY_UIApplicationSupportsIndirectInputEvents = YES;
				INFOPLIST_KEY_UILaunchStoryboardName = LaunchScreen;
				INFOPLIST_KEY_UIMainStoryboardFile = Main;
				INFOPLIST_KEY_UISupportedInterfaceOrientations = "UIInterfaceOrientationPortrait UIInterfaceOrientationPortraitUpsideDown";
				INFOPLIST_KEY_UISupportedInterfaceOrientations_iPad = "UIInterfaceOrientationLandscapeLeft UIInterfaceOrientationLandscapeRight UIInterfaceOrientationPortrait";
				LD_RUNPATH_SEARCH_PATHS = (
					"$(inherited)",
					"@executable_path/Frameworks",
				);
				MARKETING_VERSION = 1.0;
				PRODUCT_BUNDLE_IDENTIFIER = tolu.cc.clove;
				PRODUCT_NAME = "$(TARGET_NAME)";
				SUPPORTED_PLATFORMS = "iphoneos iphonesimulator";
				SUPPORTS_MACCATALYST = NO;
				SUPPORTS_MAC_DESIGNED_FOR_IPHONE_IPAD = NO;
				SWIFT_EMIT_LOC_STRINGS = YES;
				SWIFT_VERSION = 5.0;
				TARGETED_DEVICE_FAMILY = 1;
			};
			name = Debug;
		};
		DFF0DC4729B7377500FB6852 /* Release */ = {
			isa = XCBuildConfiguration;
			baseConfigurationReference = 722B180849E9E582D2A75459 /* Pods-clove.release.xcconfig */;
			buildSettings = {
				ASSETCATALOG_COMPILER_APPICON_NAME = AppIcon;
				ASSETCATALOG_COMPILER_GLOBAL_ACCENT_COLOR_NAME = AccentColor;
				CODE_SIGN_STYLE = Automatic;
				CURRENT_PROJECT_VERSION = 1;
				DEVELOPMENT_TEAM = 5W669BK4JQ;
				GENERATE_INFOPLIST_FILE = YES;
				INFOPLIST_FILE = clove/Info.plist;
				INFOPLIST_KEY_CFBundleDisplayName = Clove;
				INFOPLIST_KEY_LSApplicationCategoryType = "public.app-category.lifestyle";
				INFOPLIST_KEY_UIApplicationSupportsIndirectInputEvents = YES;
				INFOPLIST_KEY_UILaunchStoryboardName = LaunchScreen;
				INFOPLIST_KEY_UIMainStoryboardFile = Main;
				INFOPLIST_KEY_UISupportedInterfaceOrientations = "UIInterfaceOrientationPortrait UIInterfaceOrientationPortraitUpsideDown";
				INFOPLIST_KEY_UISupportedInterfaceOrientations_iPad = "UIInterfaceOrientationLandscapeLeft UIInterfaceOrientationLandscapeRight UIInterfaceOrientationPortrait";
				LD_RUNPATH_SEARCH_PATHS = (
					"$(inherited)",
					"@executable_path/Frameworks",
				);
				MARKETING_VERSION = 1.0;
				PRODUCT_BUNDLE_IDENTIFIER = tolu.cc.clove;
				PRODUCT_NAME = "$(TARGET_NAME)";
				SUPPORTED_PLATFORMS = "iphoneos iphonesimulator";
				SUPPORTS_MACCATALYST = NO;
				SUPPORTS_MAC_DESIGNED_FOR_IPHONE_IPAD = NO;
				SWIFT_EMIT_LOC_STRINGS = YES;
				SWIFT_VERSION = 5.0;
				TARGETED_DEVICE_FAMILY = 1;
			};
			name = Release;
		};
		DFF0DC4929B7377500FB6852 /* Debug */ = {
			isa = XCBuildConfiguration;
			baseConfigurationReference = C04F1199285D27CB193B2267 /* Pods-cloveTests.debug.xcconfig */;
			buildSettings = {
				ALWAYS_EMBED_SWIFT_STANDARD_LIBRARIES = YES;
				BUNDLE_LOADER = "$(TEST_HOST)";
				CODE_SIGN_STYLE = Automatic;
				CURRENT_PROJECT_VERSION = 1;
				DEVELOPMENT_TEAM = 5W669BK4JQ;
				GENERATE_INFOPLIST_FILE = YES;
				IPHONEOS_DEPLOYMENT_TARGET = 16.2;
				MARKETING_VERSION = 1.0;
				PRODUCT_BUNDLE_IDENTIFIER = tolu.cc.cloveTests;
				PRODUCT_NAME = "$(TARGET_NAME)";
				SWIFT_EMIT_LOC_STRINGS = NO;
				SWIFT_VERSION = 5.0;
				TARGETED_DEVICE_FAMILY = "1,2";
				TEST_HOST = "$(BUILT_PRODUCTS_DIR)/clove.app/$(BUNDLE_EXECUTABLE_FOLDER_PATH)/clove";
			};
			name = Debug;
		};
		DFF0DC4A29B7377500FB6852 /* Release */ = {
			isa = XCBuildConfiguration;
			baseConfigurationReference = D5C6F4F2072F65D15C95316A /* Pods-cloveTests.release.xcconfig */;
			buildSettings = {
				ALWAYS_EMBED_SWIFT_STANDARD_LIBRARIES = YES;
				BUNDLE_LOADER = "$(TEST_HOST)";
				CODE_SIGN_STYLE = Automatic;
				CURRENT_PROJECT_VERSION = 1;
				DEVELOPMENT_TEAM = 5W669BK4JQ;
				GENERATE_INFOPLIST_FILE = YES;
				IPHONEOS_DEPLOYMENT_TARGET = 16.2;
				MARKETING_VERSION = 1.0;
				PRODUCT_BUNDLE_IDENTIFIER = tolu.cc.cloveTests;
				PRODUCT_NAME = "$(TARGET_NAME)";
				SWIFT_EMIT_LOC_STRINGS = NO;
				SWIFT_VERSION = 5.0;
				TARGETED_DEVICE_FAMILY = "1,2";
				TEST_HOST = "$(BUILT_PRODUCTS_DIR)/clove.app/$(BUNDLE_EXECUTABLE_FOLDER_PATH)/clove";
			};
			name = Release;
		};
		DFF0DC4C29B7377500FB6852 /* Debug */ = {
			isa = XCBuildConfiguration;
			baseConfigurationReference = AB89FE9C0EA76263364B63FB /* Pods-clove-cloveUITests.debug.xcconfig */;
			buildSettings = {
				ALWAYS_EMBED_SWIFT_STANDARD_LIBRARIES = YES;
				CODE_SIGN_STYLE = Automatic;
				CURRENT_PROJECT_VERSION = 1;
				DEVELOPMENT_TEAM = 5W669BK4JQ;
				GENERATE_INFOPLIST_FILE = YES;
				MARKETING_VERSION = 1.0;
				PRODUCT_BUNDLE_IDENTIFIER = tolu.cc.cloveUITests;
				PRODUCT_NAME = "$(TARGET_NAME)";
				SWIFT_EMIT_LOC_STRINGS = NO;
				SWIFT_VERSION = 5.0;
				TARGETED_DEVICE_FAMILY = "1,2";
				TEST_TARGET_NAME = clove;
			};
			name = Debug;
		};
		DFF0DC4D29B7377500FB6852 /* Release */ = {
			isa = XCBuildConfiguration;
			baseConfigurationReference = 420D9FBAE82D5E6774D36F07 /* Pods-clove-cloveUITests.release.xcconfig */;
			buildSettings = {
				ALWAYS_EMBED_SWIFT_STANDARD_LIBRARIES = YES;
				CODE_SIGN_STYLE = Automatic;
				CURRENT_PROJECT_VERSION = 1;
				DEVELOPMENT_TEAM = 5W669BK4JQ;
				GENERATE_INFOPLIST_FILE = YES;
				MARKETING_VERSION = 1.0;
				PRODUCT_BUNDLE_IDENTIFIER = tolu.cc.cloveUITests;
				PRODUCT_NAME = "$(TARGET_NAME)";
				SWIFT_EMIT_LOC_STRINGS = NO;
				SWIFT_VERSION = 5.0;
				TARGETED_DEVICE_FAMILY = "1,2";
				TEST_TARGET_NAME = clove;
			};
			name = Release;
		};
/* End XCBuildConfiguration section */

/* Begin XCConfigurationList section */
		DFF0DC1329B7376D00FB6852 /* Build configuration list for PBXProject "clove" */ = {
			isa = XCConfigurationList;
			buildConfigurations = (
				DFF0DC4329B7377500FB6852 /* Debug */,
				DFF0DC4429B7377500FB6852 /* Release */,
			);
			defaultConfigurationIsVisible = 0;
			defaultConfigurationName = Release;
		};
		DFF0DC4529B7377500FB6852 /* Build configuration list for PBXNativeTarget "clove" */ = {
			isa = XCConfigurationList;
			buildConfigurations = (
				DFF0DC4629B7377500FB6852 /* Debug */,
				DFF0DC4729B7377500FB6852 /* Release */,
			);
			defaultConfigurationIsVisible = 0;
			defaultConfigurationName = Release;
		};
		DFF0DC4829B7377500FB6852 /* Build configuration list for PBXNativeTarget "cloveTests" */ = {
			isa = XCConfigurationList;
			buildConfigurations = (
				DFF0DC4929B7377500FB6852 /* Debug */,
				DFF0DC4A29B7377500FB6852 /* Release */,
			);
			defaultConfigurationIsVisible = 0;
			defaultConfigurationName = Release;
		};
		DFF0DC4B29B7377500FB6852 /* Build configuration list for PBXNativeTarget "cloveUITests" */ = {
			isa = XCConfigurationList;
			buildConfigurations = (
				DFF0DC4C29B7377500FB6852 /* Debug */,
				DFF0DC4D29B7377500FB6852 /* Release */,
			);
			defaultConfigurationIsVisible = 0;
			defaultConfigurationName = Release;
		};
/* End XCConfigurationList section */

/* Begin XCVersionGroup section */
		DFF0DC2429B7376D00FB6852 /* clove.xcdatamodeld */ = {
			isa = XCVersionGroup;
			children = (
				DFF0DC2529B7376D00FB6852 /* clove.xcdatamodel */,
			);
			currentVersion = DFF0DC2529B7376D00FB6852 /* clove.xcdatamodel */;
			path = clove.xcdatamodeld;
			sourceTree = "<group>";
			versionGroupType = wrapper.xcdatamodel;
		};
/* End XCVersionGroup section */
	};
	rootObject = DFF0DC1029B7376D00FB6852 /* Project object */;
}
